// !$*UTF8*$!
{
	archiveVersion = 1;
	classes = {
	};
	objectVersion = 46;
	objects = {

/* Begin PBXBuildFile section */
		C1ACE45D1DB8B0EE00CB9DA6 /* MainViewController.m in Sources */ = {isa = PBXBuildFile; fileRef = C1ACE45C1DB8B0EE00CB9DA6 /* MainViewController.m */; };
		C1ACE4601DB8B1F300CB9DA6 /* TemperatureViewController.m in Sources */ = {isa = PBXBuildFile; fileRef = C1ACE45F1DB8B1F300CB9DA6 /* TemperatureViewController.m */; };
		C1ED095D1D589FF000F8DC34 /* main.m in Sources */ = {isa = PBXBuildFile; fileRef = C1ED095C1D589FF000F8DC34 /* main.m */; };
		C1ED09601D589FF000F8DC34 /* AppDelegate.m in Sources */ = {isa = PBXBuildFile; fileRef = C1ED095F1D589FF000F8DC34 /* AppDelegate.m */; };
		C1ED09631D589FF000F8DC34 /* ViewController.m in Sources */ = {isa = PBXBuildFile; fileRef = C1ED09621D589FF000F8DC34 /* ViewController.m */; };
		C1ED09661D589FF100F8DC34 /* Main.storyboard in Resources */ = {isa = PBXBuildFile; fileRef = C1ED09641D589FF100F8DC34 /* Main.storyboard */; };
		C1ED09681D589FF100F8DC34 /* Assets.xcassets in Resources */ = {isa = PBXBuildFile; fileRef = C1ED09671D589FF100F8DC34 /* Assets.xcassets */; };
		C1ED096B1D589FF100F8DC34 /* LaunchScreen.storyboard in Resources */ = {isa = PBXBuildFile; fileRef = C1ED09691D589FF100F8DC34 /* LaunchScreen.storyboard */; };
/* End PBXBuildFile section */

/* Begin PBXFileReference section */
		C1ACE45B1DB8B0EE00CB9DA6 /* MainViewController.h */ = {isa = PBXFileReference; fileEncoding = 4; lastKnownFileType = sourcecode.c.h; path = MainViewController.h; sourceTree = "<group>"; };
		C1ACE45C1DB8B0EE00CB9DA6 /* MainViewController.m */ = {isa = PBXFileReference; fileEncoding = 4; lastKnownFileType = sourcecode.c.objc; path = MainViewController.m; sourceTree = "<group>"; };
		C1ACE45E1DB8B1F300CB9DA6 /* TemperatureViewController.h */ = {isa = PBXFileReference; fileEncoding = 4; lastKnownFileType = sourcecode.c.h; path = TemperatureViewController.h; sourceTree = "<group>"; };
		C1ACE45F1DB8B1F300CB9DA6 /* TemperatureViewController.m */ = {isa = PBXFileReference; fileEncoding = 4; lastKnownFileType = sourcecode.c.objc; path = TemperatureViewController.m; sourceTree = "<group>"; };
		C1ED09581D589FF000F8DC34 /* CoreBluetoothDemo.app */ = {isa = PBXFileReference; explicitFileType = wrapper.application; includeInIndex = 0; path = CoreBluetoothDemo.app; sourceTree = BUILT_PRODUCTS_DIR; };
		C1ED095C1D589FF000F8DC34 /* main.m */ = {isa = PBXFileReference; lastKnownFileType = sourcecode.c.objc; path = main.m; sourceTree = "<group>"; };
		C1ED095E1D589FF000F8DC34 /* AppDelegate.h */ = {isa = PBXFileReference; lastKnownFileType = sourcecode.c.h; path = AppDelegate.h; sourceTree = "<group>"; };
		C1ED095F1D589FF000F8DC34 /* AppDelegate.m */ = {isa = PBXFileReference; lastKnownFileType = sourcecode.c.objc; path = AppDelegate.m; sourceTree = "<group>"; };
		C1ED09611D589FF000F8DC34 /* ViewController.h */ = {isa = PBXFileReference; lastKnownFileType = sourcecode.c.h; path = ViewController.h; sourceTree = "<group>"; };
		C1ED09621D589FF000F8DC34 /* ViewController.m */ = {isa = PBXFileReference; lastKnownFileType = sourcecode.c.objc; path = ViewController.m; sourceTree = "<group>"; };
		C1ED09651D589FF100F8DC34 /* Base */ = {isa = PBXFileReference; lastKnownFileType = file.storyboard; name = Base; path = Base.lproj/Main.storyboard; sourceTree = "<group>"; };
		C1ED09671D589FF100F8DC34 /* Assets.xcassets */ = {isa = PBXFileReference; lastKnownFileType = folder.assetcatalog; path = Assets.xcassets; sourceTree = "<group>"; };
		C1ED096A1D589FF100F8DC34 /* Base */ = {isa = PBXFileReference; lastKnownFileType = file.storyboard; name = Base; path = Base.lproj/LaunchScreen.storyboard; sourceTree = "<group>"; };
		C1ED096C1D589FF100F8DC34 /* Info.plist */ = {isa = PBXFileReference; lastKnownFileType = text.plist.xml; path = Info.plist; sourceTree = "<group>"; };
/* End PBXFileReference section */

/* Begin PBXFrameworksBuildPhase section */
		C1ED09551D589FF000F8DC34 /* Frameworks */ = {
			isa = PBXFrameworksBuildPhase;
			buildActionMask = 2147483647;
			files = (
			);
			runOnlyForDeploymentPostprocessing = 0;
		};
/* End PBXFrameworksBuildPhase section */

/* Begin PBXGroup section */
		C104AE8B1DD98D04006667AE /* Controllers */ = {
			isa = PBXGroup;
			children = (
				C1ED09611D589FF000F8DC34 /* ViewController.h */,
				C1ED09621D589FF000F8DC34 /* ViewController.m */,
				C1ACE45B1DB8B0EE00CB9DA6 /* MainViewController.h */,
				C1ACE45C1DB8B0EE00CB9DA6 /* MainViewController.m */,
				C1ACE45E1DB8B1F300CB9DA6 /* TemperatureViewController.h */,
				C1ACE45F1DB8B1F300CB9DA6 /* TemperatureViewController.m */,
			);
			name = Controllers;
			sourceTree = "<group>";
		};
		C1ED094F1D589FF000F8DC34 = {
			isa = PBXGroup;
			children = (
				C1ED095A1D589FF000F8DC34 /* CoreBluetoothDemo */,
				C1ED09591D589FF000F8DC34 /* Products */,
			);
			sourceTree = "<group>";
		};
		C1ED09591D589FF000F8DC34 /* Products */ = {
			isa = PBXGroup;
			children = (
				C1ED09581D589FF000F8DC34 /* CoreBluetoothDemo.app */,
			);
			name = Products;
			sourceTree = "<group>";
		};
		C1ED095A1D589FF000F8DC34 /* CoreBluetoothDemo */ = {
			isa = PBXGroup;
			children = (
				C104AE8B1DD98D04006667AE /* Controllers */,
				C1ED09641D589FF100F8DC34 /* Main.storyboard */,
				C1ED09671D589FF100F8DC34 /* Assets.xcassets */,
				C1ED09691D589FF100F8DC34 /* LaunchScreen.storyboard */,
				C1ED096C1D589FF100F8DC34 /* Info.plist */,
				C1ED095B1D589FF000F8DC34 /* Supporting Files */,
			);
			path = CoreBluetoothDemo;
			sourceTree = "<group>";
		};
		C1ED095B1D589FF000F8DC34 /* Supporting Files */ = {
			isa = PBXGroup;
			children = (
				C1ED095E1D589FF000F8DC34 /* AppDelegate.h */,
				C1ED095F1D589FF000F8DC34 /* AppDelegate.m */,
				C1ED095C1D589FF000F8DC34 /* main.m */,
			);
			name = "Supporting Files";
			sourceTree = "<group>";
		};
/* End PBXGroup section */

/* Begin PBXNativeTarget section */
		C1ED09571D589FF000F8DC34 /* CoreBluetoothDemo */ = {
			isa = PBXNativeTarget;
			buildConfigurationList = C1ED096F1D589FF100F8DC34 /* Build configuration list for PBXNativeTarget "CoreBluetoothDemo" */;
			buildPhases = (
				C1ED09541D589FF000F8DC34 /* Sources */,
				C1ED09551D589FF000F8DC34 /* Frameworks */,
				C1ED09561D589FF000F8DC34 /* Resources */,
			);
			buildRules = (
			);
			dependencies = (
			);
			name = CoreBluetoothDemo;
			productName = CoreBluetoothDemo;
			productReference = C1ED09581D589FF000F8DC34 /* CoreBluetoothDemo.app */;
			productType = "com.apple.product-type.application";
		};
/* End PBXNativeTarget section */

/* Begin PBXProject section */
		C1ED09501D589FF000F8DC34 /* Project object */ = {
			isa = PBXProject;
			attributes = {
				LastUpgradeCheck = 0800;
				ORGANIZATIONNAME = LiuYiiyuan;
				TargetAttributes = {
					C1ED09571D589FF000F8DC34 = {
						CreatedOnToolsVersion = 7.3.1;
						DevelopmentTeam = HU5VQMU784;
					};
				};
			};
			buildConfigurationList = C1ED09531D589FF000F8DC34 /* Build configuration list for PBXProject "CoreBluetoothDemo" */;
			compatibilityVersion = "Xcode 3.2";
			developmentRegion = English;
			hasScannedForEncodings = 0;
			knownRegions = (
				en,
				Base,
			);
			mainGroup = C1ED094F1D589FF000F8DC34;
			productRefGroup = C1ED09591D589FF000F8DC34 /* Products */;
			projectDirPath = "";
			projectRoot = "";
			targets = (
				C1ED09571D589FF000F8DC34 /* CoreBluetoothDemo */,
			);
		};
/* End PBXProject section */

/* Begin PBXResourcesBuildPhase section */
		C1ED09561D589FF000F8DC34 /* Resources */ = {
			isa = PBXResourcesBuildPhase;
			buildActionMask = 2147483647;
			files = (
				C1ED096B1D589FF100F8DC34 /* LaunchScreen.storyboard in Resources */,
				C1ED09681D589FF100F8DC34 /* Assets.xcassets in Resources */,
				C1ED09661D589FF100F8DC34 /* Main.storyboard in Resources */,
			);
			runOnlyForDeploymentPostprocessing = 0;
		};
/* End PBXResourcesBuildPhase section */

/* Begin PBXSourcesBuildPhase section */
		C1ED09541D589FF000F8DC34 /* Sources */ = {
			isa = PBXSourcesBuildPhase;
			buildActionMask = 2147483647;
			files = (
				C1ED09631D589FF000F8DC34 /* ViewController.m in Sources */,
				C1ED09601D589FF000F8DC34 /* AppDelegate.m in Sources */,
				C1ED095D1D589FF000F8DC34 /* main.m in Sources */,
				C1ACE45D1DB8B0EE00CB9DA6 /* MainViewController.m in Sources */,
				C1ACE4601DB8B1F300CB9DA6 /* TemperatureViewController.m in Sources */,
			);
			runOnlyForDeploymentPostprocessing = 0;
		};
/* End PBXSourcesBuildPhase section */

/* Begin PBXVariantGroup section */
		C1ED09641D589FF100F8DC34 /* Main.storyboard */ = {
			isa = PBXVariantGroup;
			children = (
				C1ED09651D589FF100F8DC34 /* Base */,
			);
			name = Main.storyboard;
			sourceTree = "<group>";
		};
		C1ED09691D589FF100F8DC34 /* LaunchScreen.storyboard */ = {
			isa = PBXVariantGroup;
			children = (
				C1ED096A1D589FF100F8DC34 /* Base */,
			);
			name = LaunchScreen.storyboard;
			sourceTree = "<group>";
		};
/* End PBXVariantGroup section */

/* Begin XCBuildConfiguration section */
		C1ED096D1D589FF100F8DC34 /* Debug */ = {
			isa = XCBuildConfiguration;
			buildSettings = {
				ALWAYS_SEARCH_USER_PATHS = NO;
				CLANG_ANALYZER_NONNULL = YES;
				CLANG_CXX_LANGUAGE_STANDARD = "gnu++0x";
				CLANG_CXX_LIBRARY = "libc++";
				CLANG_ENABLE_MODULES = YES;
				CLANG_ENABLE_OBJC_ARC = YES;
				CLANG_WARN_BOOL_CONVERSION = YES;
				CLANG_WARN_CONSTANT_CONVERSION = YES;
				CLANG_WARN_DIRECT_OBJC_ISA_USAGE = YES_ERROR;
				CLANG_WARN_EMPTY_BODY = YES;
				CLANG_WARN_ENUM_CONVERSION = YES;
				CLANG_WARN_INFINITE_RECURSION = YES;
				CLANG_WARN_INT_CONVERSION = YES;
				CLANG_WARN_OBJC_ROOT_CLASS = YES_ERROR;
				CLANG_WARN_SUSPICIOUS_MOVE = YES;
				CLANG_WARN_UNREACHABLE_CODE = YES;
				CLANG_WARN__DUPLICATE_METHOD_MATCH = YES;
				"CODE_SIGN_IDENTITY[sdk=iphoneos*]" = "iPhone Developer";
				COPY_PHASE_STRIP = NO;
				DEBUG_INFORMATION_FORMAT = dwarf;
				ENABLE_STRICT_OBJC_MSGSEND = YES;
				ENABLE_TESTABILITY = YES;
				GCC_C_LANGUAGE_STANDARD = gnu99;
				GCC_DYNAMIC_NO_PIC = NO;
				GCC_NO_COMMON_BLOCKS = YES;
				GCC_OPTIMIZATION_LEVEL = 0;
				GCC_PREPROCESSOR_DEFINITIONS = (
					"DEBUG=1",
					"$(inherited)",
				);
				GCC_WARN_64_TO_32_BIT_CONVERSION = YES;
				GCC_WARN_ABOUT_RETURN_TYPE = YES_ERROR;
				GCC_WARN_UNDECLARED_SELECTOR = YES;
				GCC_WARN_UNINITIALIZED_AUTOS = YES_AGGRESSIVE;
				GCC_WARN_UNUSED_FUNCTION = YES;
				GCC_WARN_UNUSED_VARIABLE = YES;
				IPHONEOS_DEPLOYMENT_TARGET = 9.3;
				MTL_ENABLE_DEBUG_INFO = YES;
				ONLY_ACTIVE_ARCH = YES;
				SDKROOT = iphoneos;
			};
			name = Debug;
		};
		C1ED096E1D589FF100F8DC34 /* Release */ = {
			isa = XCBuildConfiguration;
			buildSettings = {
				ALWAYS_SEARCH_USER_PATHS = NO;
				CLANG_ANALYZER_NONNULL = YES;
				CLANG_CXX_LANGUAGE_STANDARD = "gnu++0x";
				CLANG_CXX_LIBRARY = "libc++";
				CLANG_ENABLE_MODULES = YES;
				CLANG_ENABLE_OBJC_ARC = YES;
				CLANG_WARN_BOOL_CONVERSION = YES;
				CLANG_WARN_CONSTANT_CONVERSION = YES;
				CLANG_WARN_DIRECT_OBJC_ISA_USAGE = YES_ERROR;
				CLANG_WARN_EMPTY_BODY = YES;
				CLANG_WARN_ENUM_CONVERSION = YES;
				CLANG_WARN_INFINITE_RECURSION = YES;
				CLANG_WARN_INT_CONVERSION = YES;
				CLANG_WARN_OBJC_ROOT_CLASS = YES_ERROR;
				CLANG_WARN_SUSPICIOUS_MOVE = YES;
				CLANG_WARN_UNREACHABLE_CODE = YES;
				CLANG_WARN__DUPLICATE_METHOD_MATCH = YES;
				"CODE_SIGN_IDENTITY[sdk=iphoneos*]" = "iPhone Developer";
				COPY_PHASE_STRIP = NO;
				DEBUG_INFORMATION_FORMAT = "dwarf-with-dsym";
				ENABLE_NS_ASSERTIONS = NO;
				ENABLE_STRICT_OBJC_MSGSEND = YES;
				GCC_C_LANGUAGE_STANDARD = gnu99;
				GCC_NO_COMMON_BLOCKS = YES;
				GCC_WARN_64_TO_32_BIT_CONVERSION = YES;
				GCC_WARN_ABOUT_RETURN_TYPE = YES_ERROR;
				GCC_WARN_UNDECLARED_SELECTOR = YES;
				GCC_WARN_UNINITIALIZED_AUTOS = YES_AGGRESSIVE;
				GCC_WARN_UNUSED_FUNCTION = YES;
				GCC_WARN_UNUSED_VARIABLE = YES;
				IPHONEOS_DEPLOYMENT_TARGET = 9.3;
				MTL_ENABLE_DEBUG_INFO = NO;
				SDKROOT = iphoneos;
				VALIDATE_PRODUCT = YES;
			};
			name = Release;
		};
		C1ED09701D589FF100F8DC34 /* Debug */ = {
			isa = XCBuildConfiguration;
			buildSettings = {
				ASSETCATALOG_COMPILER_APPICON_NAME = AppIcon;
				DEVELOPMENT_TEAM = HU5VQMU784;
				INFOPLIST_FILE = CoreBluetoothDemo/Info.plist;
				LD_RUNPATH_SEARCH_PATHS = "$(inherited) @executable_path/Frameworks";
				PRODUCT_BUNDLE_IDENTIFIER = BME.CoreBluetoothDemo;
				PRODUCT_NAME = "$(TARGET_NAME)";
			};
			name = Debug;
		};
		C1ED09711D589FF100F8DC34 /* Release */ = {
			isa = XCBuildConfiguration;
			buildSettings = {
				ASSETCATALOG_COMPILER_APPICON_NAME = AppIcon;
				DEVELOPMENT_TEAM = HU5VQMU784;
				INFOPLIST_FILE = CoreBluetoothDemo/Info.plist;
				LD_RUNPATH_SEARCH_PATHS = "$(inherited) @executable_path/Frameworks";
				PRODUCT_BUNDLE_IDENTIFIER = BME.CoreBluetoothDemo;
				PRODUCT_NAME = "$(TARGET_NAME)";
			};
			name = Release;
		};
/* End XCBuildConfiguration section */

/* Begin XCConfigurationList section */
		C1ED09531D589FF000F8DC34 /* Build configuration list for PBXProject "CoreBluetoothDemo" */ = {
			isa = XCConfigurationList;
			buildConfigurations = (
				C1ED096D1D589FF100F8DC34 /* Debug */,
				C1ED096E1D589FF100F8DC34 /* Release */,
			);
			defaultConfigurationIsVisible = 0;
			defaultConfigurationName = Release;
		};
		C1ED096F1D589FF100F8DC34 /* Build configuration list for PBXNativeTarget "CoreBluetoothDemo" */ = {
			isa = XCConfigurationList;
			buildConfigurations = (
				C1ED09701D589FF100F8DC34 /* Debug */,
				C1ED09711D589FF100F8DC34 /* Release */,
			);
			defaultConfigurationIsVisible = 0;
			defaultConfigurationName = Release;
		};
/* End XCConfigurationList section */
	};
	rootObject = C1ED09501D589FF000F8DC34 /* Project object */;
}
